
Microsoft Visual Studio Solution File, Format Version 12.00
# Visual Studio 15
VisualStudioVersion = 15.0.26430.14
MinimumVisualStudioVersion = 10.0.40219.1
Project("{FAE04EC0-301F-11D3-BF4B-00C04F79EFBC}") = "l1les23", "l1les23\l1les23.csproj", "{DA9EF764-D844-4AF9-9E44-34FB0C3F9C14}"
EndProject
Global
	GlobalSection(SolutionConfigurationPlatforms) = preSolution
		Debug|Any CPU = Debug|Any CPU
		Release|Any CPU = Release|Any CPU
	EndGlobalSection
	GlobalSection(ProjectConfigurationPlatforms) = postSolution
		{DA9EF764-D844-4AF9-9E44-34FB0C3F9C14}.Debug|Any CPU.ActiveCfg = Debug|Any CPU
		{DA9EF764-D844-4AF9-9E44-34FB0C3F9C14}.Debug|Any CPU.Build.0 = Debug|Any CPU
		{DA9EF764-D844-4AF9-9E44-34FB0C3F9C14}.Release|Any CPU.ActiveCfg = Release|Any CPU
		{DA9EF764-D844-4AF9-9E44-34FB0C3F9C14}.Release|Any CPU.Build.0 = Release|Any CPU
	EndGlobalSection
	GlobalSection(SolutionProperties) = preSolution
		HideSolutionNode = FALSE
	EndGlobalSection
EndGlobal
